{
  "version": 4,
  "terraform_version": "1.11.1",
  "serial": 13,
  "lineage": "dcc2225e-6b70-9ca4-cb66-68581336c185",
  "outputs": {},
  "resources": [
    {
      "mode": "managed",
      "type": "google_org_policy_custom_constraint",
      "name": "prevent_impersonation_compute_sa",
      "provider": "provider[\"registry.terraform.io/hashicorp/google\"]",
      "instances": [
        {
          "schema_version": 0,
          "attributes": {
            "action_type": "DENY",
            "condition": "  resource.bindings.exists(\r\n    binding, \r\n    RoleNameMatches(binding.role, ['roles/iam.serviceAccountTokenCreator']) \u0026\u0026 \r\n    binding.members.exists(\r\n      member, \r\n      MemberSubjectEndsWith(member, ['-compute@developer.gserviceaccount.com']))\r\n  )\r\n",
            "description": "Do not allow impersonation, prevent granting roles (roles/iam.serviceAccountTokenCreator) to default compute engine service account.",
            "display_name": "Prevent Impersonation Compute SA",
            "id": "organizations/251485126955/customConstraints/custom.preventImpersonationOfComputeSA",
            "method_types": [
              "CREATE",
              "UPDATE"
            ],
            "name": "custom.preventImpersonationOfComputeSA",
            "parent": "organizations/251485126955",
            "resource_types": [
              "iam.googleapis.com/AllowPolicy"
            ],
            "timeouts": null,
            "update_time": "2025-05-15T06:23:38.169923Z"
          },
          "sensitive_attributes": [],
          "private": "eyJlMmJmYjczMC1lY2FhLTExZTYtOGY4OC0zNDM2M2JjN2M0YzAiOnsiY3JlYXRlIjoxMjAwMDAwMDAwMDAwLCJkZWxldGUiOjEyMDAwMDAwMDAwMDAsInVwZGF0ZSI6MTIwMDAwMDAwMDAwMH19"
        }
      ]
    },
    {
      "mode": "managed",
      "type": "google_org_policy_policy",
      "name": "prevent_impersonation_policy",
      "provider": "provider[\"registry.terraform.io/hashicorp/google\"]",
      "instances": [
        {
          "schema_version": 0,
          "attributes": {
            "dry_run_spec": [],
            "etag": "CJqZlsEGEODZ75AB-",
            "id": "projects/aishwarya-orgpolicy-test/policies/custom.preventImpersonationOfComputeSA",
            "name": "custom.preventImpersonationOfComputeSA",
            "parent": "projects/aishwarya-orgpolicy-test",
            "spec": [
              {
                "etag": "CJqZlsEGEODZ75AB",
                "inherit_from_parent": false,
                "reset": false,
                "rules": [
                  {
                    "allow_all": "",
                    "condition": [],
                    "deny_all": "",
                    "enforce": "TRUE",
                    "parameters": "",
                    "values": []
                  }
                ],
                "update_time": "2025-05-15T06:41:30.303820Z"
              }
            ],
            "timeouts": null
          },
          "sensitive_attributes": [],
          "private": "eyJlMmJmYjczMC1lY2FhLTExZTYtOGY4OC0zNDM2M2JjN2M0YzAiOnsiY3JlYXRlIjoxMjAwMDAwMDAwMDAwLCJkZWxldGUiOjEyMDAwMDAwMDAwMDAsInVwZGF0ZSI6MTIwMDAwMDAwMDAwMH19",
          "dependencies": [
            "google_org_policy_custom_constraint.prevent_impersonation_compute_sa"
          ]
        }
      ]
    }
  ],
  "check_results": null
}
